{
  "name": "test",
  "version": "1.0.0",
  "lockfileVersion": 2,
  "requires": true,
  "packages": {
    "": {
      "version": "1.0.0",
      "license": "ISC",
      "dependencies": {
        "kingmikhe-frame-print": "^1.0.0"
      }
    },
    "node_modules/kingmikhe-frame-print": {
      "version": "1.0.0",
      "resolved": "https://registry.npmjs.org/kingmikhe-frame-print/-/kingmikhe-frame-print-1.0.0.tgz",
      "integrity": "sha512-N6h1qaqcAX0KWdfMxb+fSULTe3o3RKieokHeZ91FvM4rTuLJQUF/X9a5bVLiavKpgqboTlFbSNBc+F579ZNygg=="
    }
  },
  "dependencies": {
    "kingmikhe-frame-print": {
      "version": "1.0.0",
      "resolved": "https://registry.npmjs.org/kingmikhe-frame-print/-/kingmikhe-frame-print-1.0.0.tgz",
      "integrity": "sha512-N6h1qaqcAX0KWdfMxb+fSULTe3o3RKieokHeZ91FvM4rTuLJQUF/X9a5bVLiavKpgqboTlFbSNBc+F579ZNygg=="
    }
  }
}
